
Microsoft Visual Studio Solution File, Format Version 12.00
# Visual Studio Version 17
VisualStudioVersion = 17.5.002.0
MinimumVisualStudioVersion = 10.0.40219.1
Project("{9A19103F-16F7-4668-BE54-9A1E7A4F7556}") = "CarApp", "CarApp.csproj", "{A2FDA078-A16B-4307-9657-D7188284368B}"
EndProject
Global
	GlobalSection(SolutionConfigurationPlatforms) = preSolution
		Debug|Any CPU = Debug|Any CPU
		Release|Any CPU = Release|Any CPU
	EndGlobalSection
	GlobalSection(ProjectConfigurationPlatforms) = postSolution
		{A2FDA078-A16B-4307-9657-D7188284368B}.Debug|Any CPU.ActiveCfg = Debug|Any CPU
		{A2FDA078-A16B-4307-9657-D7188284368B}.Debug|Any CPU.Build.0 = Debug|Any CPU
		{A2FDA078-A16B-4307-9657-D7188284368B}.Release|Any CPU.ActiveCfg = Release|Any CPU
		{A2FDA078-A16B-4307-9657-D7188284368B}.Release|Any CPU.Build.0 = Release|Any CPU
	EndGlobalSection
	GlobalSection(SolutionProperties) = preSolution
		HideSolutionNode = FALSE
	EndGlobalSection
	GlobalSection(ExtensibilityGlobals) = postSolution
		SolutionGuid = {EB4C2810-3E96-485A-9328-8069A8137F2B}
	EndGlobalSection
EndGlobal
