
Microsoft Visual Studio Solution File, Format Version 12.00
# Visual Studio Version 16
VisualStudioVersion = 16.0.33214.272
MinimumVisualStudioVersion = 10.0.40219.1
Project("{FAE04EC0-301F-11D3-BF4B-00C04F79EFBC}") = "MoshExercises", "MoshTest\MoshExercises.csproj", "{CAC7230B-AD93-4D54-B9D4-4E8E524DF4F8}"
EndProject
Global
	GlobalSection(SolutionConfigurationPlatforms) = preSolution
		Debug|Any CPU = Debug|Any CPU
		Release|Any CPU = Release|Any CPU
	EndGlobalSection
	GlobalSection(ProjectConfigurationPlatforms) = postSolution
		{CAC7230B-AD93-4D54-B9D4-4E8E524DF4F8}.Debug|Any CPU.ActiveCfg = Debug|Any CPU
		{CAC7230B-AD93-4D54-B9D4-4E8E524DF4F8}.Debug|Any CPU.Build.0 = Debug|Any CPU
		{CAC7230B-AD93-4D54-B9D4-4E8E524DF4F8}.Release|Any CPU.ActiveCfg = Release|Any CPU
		{CAC7230B-AD93-4D54-B9D4-4E8E524DF4F8}.Release|Any CPU.Build.0 = Release|Any CPU
	EndGlobalSection
	GlobalSection(SolutionProperties) = preSolution
		HideSolutionNode = FALSE
	EndGlobalSection
	GlobalSection(ExtensibilityGlobals) = postSolution
		SolutionGuid = {5ACB6208-93C7-4452-A9DA-FFD604B967A5}
	EndGlobalSection
EndGlobal
